
Microsoft Visual Studio Solution File, Format Version 12.00
# Visual Studio 15
VisualStudioVersion = 15.0.27428.2002
MinimumVisualStudioVersion = 10.0.40219.1
Project("{FAE04EC0-301F-11D3-BF4B-00C04F79EFBC}") = "HAJK_OnlineRetail", "HAJK_OnlineRetail\HAJK_OnlineRetail.csproj", "{11AB19C3-627E-475B-9C8B-167F6AD61AA4}"
EndProject
Global
	GlobalSection(SolutionConfigurationPlatforms) = preSolution
		Debug|Any CPU = Debug|Any CPU
		Release|Any CPU = Release|Any CPU
	EndGlobalSection
	GlobalSection(ProjectConfigurationPlatforms) = postSolution
		{11AB19C3-627E-475B-9C8B-167F6AD61AA4}.Debug|Any CPU.ActiveCfg = Debug|Any CPU
		{11AB19C3-627E-475B-9C8B-167F6AD61AA4}.Debug|Any CPU.Build.0 = Debug|Any CPU
		{11AB19C3-627E-475B-9C8B-167F6AD61AA4}.Release|Any CPU.ActiveCfg = Release|Any CPU
		{11AB19C3-627E-475B-9C8B-167F6AD61AA4}.Release|Any CPU.Build.0 = Release|Any CPU
	EndGlobalSection
	GlobalSection(SolutionProperties) = preSolution
		HideSolutionNode = FALSE
	EndGlobalSection
	GlobalSection(ExtensibilityGlobals) = postSolution
		SolutionGuid = {CCA18A83-D2EA-4879-B170-1BC550E8B493}
	EndGlobalSection
EndGlobal
